
Microsoft Visual Studio Solution File, Format Version 12.00
# Visual Studio Version 16
VisualStudioVersion = 16.0.32228.343
MinimumVisualStudioVersion = 10.0.40219.1
Project("{FAE04EC0-301F-11D3-BF4B-00C04F79EFBC}") = "DoAn2", "DoAn2\DoAn2.csproj", "{9ACC94A3-1130-4EEE-B40F-5FA2DD2A6790}"
EndProject
Global
	GlobalSection(SolutionConfigurationPlatforms) = preSolution
		Debug|Any CPU = Debug|Any CPU
		Release|Any CPU = Release|Any CPU
	EndGlobalSection
	GlobalSection(ProjectConfigurationPlatforms) = postSolution
		{9ACC94A3-1130-4EEE-B40F-5FA2DD2A6790}.Debug|Any CPU.ActiveCfg = Debug|Any CPU
		{9ACC94A3-1130-4EEE-B40F-5FA2DD2A6790}.Debug|Any CPU.Build.0 = Debug|Any CPU
		{9ACC94A3-1130-4EEE-B40F-5FA2DD2A6790}.Release|Any CPU.ActiveCfg = Release|Any CPU
		{9ACC94A3-1130-4EEE-B40F-5FA2DD2A6790}.Release|Any CPU.Build.0 = Release|Any CPU
	EndGlobalSection
	GlobalSection(SolutionProperties) = preSolution
		HideSolutionNode = FALSE
	EndGlobalSection
	GlobalSection(ExtensibilityGlobals) = postSolution
		SolutionGuid = {7E3BB595-068F-4FE7-992F-E44554798293}
	EndGlobalSection
EndGlobal
